{
  "name": "pegasus.db",
  "version": "1.0.0",
  "lockfileVersion": 2,
  "requires": true,
  "packages": {
    "": {
      "name": "pegasus.db",
      "version": "1.0.0",
      "license": "GPL -3.0",
      "dependencies": {
        "beta.db": "^2.1.9"
      }
    },
    "node_modules/beta.db": {
      "version": "2.1.9",
      "resolved": "https://registry.npmjs.org/beta.db/-/beta.db-2.1.9.tgz",
      "integrity": "sha512-najE5yzes9fH+dwg/jRPvZ5dNEHIFma3DeTfMs13ZHnLmxCr5wGs+dMhJp/GD8dTi3D4pV3NXIHq//CiztgOCg=="
    }
  },
  "dependencies": {
    "beta.db": {
      "version": "2.1.9",
      "resolved": "https://registry.npmjs.org/beta.db/-/beta.db-2.1.9.tgz",
      "integrity": "sha512-najE5yzes9fH+dwg/jRPvZ5dNEHIFma3DeTfMs13ZHnLmxCr5wGs+dMhJp/GD8dTi3D4pV3NXIHq//CiztgOCg=="
    }
  }
}
